{
  "requires": true,
  "lockfileVersion": 1,
  "dependencies": {
    "countries-and-timezones": {
      "version": "2.0.5",
      "resolved": "https://registry.npmjs.org/countries-and-timezones/-/countries-and-timezones-2.0.5.tgz",
      "integrity": "sha512-TSsvUFb63PfiNrv3fpRgUIeFgnR7shfXRbeKdjbQ8bPonEJPgezziSGszh6A8xaKNSoYD7tgFCbJpTg03iTzng=="
    },
    "pickerjs": {
      "version": "1.2.1",
      "resolved": "https://registry.npmjs.org/pickerjs/-/pickerjs-1.2.1.tgz",
      "integrity": "sha512-tGsSQiqaEm3fKyqCvyykxVpKPlHtJXNOgN62OEXH4kQtxeMwwTfqAvSUj4hE2BrAEs4VpSG3zH4Tmd0K0WFqmg=="
    }
  }
}
